
Microsoft Visual Studio Solution File, Format Version 12.00
# Visual Studio Version 17
Project("{8BC9CEB8-8B4A-11D0-8D11-00A0C91BC942}") = "ALL_BUILD", "ALL_BUILD.vcxproj", "{7C32D62C-90A0-3536-93B0-611AE41F90DE}"
	ProjectSection(ProjectDependencies) = postProject
		{67544BFF-B46F-35AF-A038-C46842319B2B} = {67544BFF-B46F-35AF-A038-C46842319B2B}
		{54DE2341-47AC-3590-94FE-F0DD08BA9E6B} = {54DE2341-47AC-3590-94FE-F0DD08BA9E6B}
		{FE2092F1-83D2-363C-8581-41EC806BDE70} = {FE2092F1-83D2-363C-8581-41EC806BDE70}
		{CDAEAB42-9F24-3C5D-8617-BEC10A747EED} = {CDAEAB42-9F24-3C5D-8617-BEC10A747EED}
		{6C50521B-3279-3998-9402-FD71A4EC973A} = {6C50521B-3279-3998-9402-FD71A4EC973A}
		{991AFDE4-ED9E-304B-98D6-CEB7D844CAFB} = {991AFDE4-ED9E-304B-98D6-CEB7D844CAFB}
		{BF252D30-295B-341C-9C7A-8830DD5F8AE5} = {BF252D30-295B-341C-9C7A-8830DD5F8AE5}
	EndProjectSection
EndProject
Project("{8BC9CEB8-8B4A-11D0-8D11-00A0C91BC942}") = "INSTALL", "INSTALL.vcxproj", "{CF0E61AC-5D0D-36D9-9422-819162664EFE}"
	ProjectSection(ProjectDependencies) = postProject
		{7C32D62C-90A0-3536-93B0-611AE41F90DE} = {7C32D62C-90A0-3536-93B0-611AE41F90DE}
		{67544BFF-B46F-35AF-A038-C46842319B2B} = {67544BFF-B46F-35AF-A038-C46842319B2B}
	EndProjectSection
EndProject
Project("{8BC9CEB8-8B4A-11D0-8D11-00A0C91BC942}") = "RUN_TESTS", "RUN_TESTS.vcxproj", "{6B0DBA57-A50F-3A28-A107-AEEFE72737FB}"
	ProjectSection(ProjectDependencies) = postProject
		{67544BFF-B46F-35AF-A038-C46842319B2B} = {67544BFF-B46F-35AF-A038-C46842319B2B}
	EndProjectSection
EndProject
Project("{8BC9CEB8-8B4A-11D0-8D11-00A0C91BC942}") = "ZERO_CHECK", "ZERO_CHECK.vcxproj", "{67544BFF-B46F-35AF-A038-C46842319B2B}"
	ProjectSection(ProjectDependencies) = postProject
	EndProjectSection
EndProject
Project("{8BC9CEB8-8B4A-11D0-8D11-00A0C91BC942}") = "dl", "src\dl.vcxproj", "{54DE2341-47AC-3590-94FE-F0DD08BA9E6B}"
	ProjectSection(ProjectDependencies) = postProject
		{67544BFF-B46F-35AF-A038-C46842319B2B} = {67544BFF-B46F-35AF-A038-C46842319B2B}
	EndProjectSection
EndProject
Project("{8BC9CEB8-8B4A-11D0-8D11-00A0C91BC942}") = "doctest_with_main", "_deps\doctest-build\doctest_with_main.vcxproj", "{40C3736A-3EDA-3579-A4E3-47A865548AEF}"
	ProjectSection(ProjectDependencies) = postProject
		{67544BFF-B46F-35AF-A038-C46842319B2B} = {67544BFF-B46F-35AF-A038-C46842319B2B}
	EndProjectSection
EndProject
Project("{8BC9CEB8-8B4A-11D0-8D11-00A0C91BC942}") = "linear_tests", "tests\linear_tests.vcxproj", "{FE2092F1-83D2-363C-8581-41EC806BDE70}"
	ProjectSection(ProjectDependencies) = postProject
		{67544BFF-B46F-35AF-A038-C46842319B2B} = {67544BFF-B46F-35AF-A038-C46842319B2B}
		{54DE2341-47AC-3590-94FE-F0DD08BA9E6B} = {54DE2341-47AC-3590-94FE-F0DD08BA9E6B}
	EndProjectSection
EndProject
Project("{8BC9CEB8-8B4A-11D0-8D11-00A0C91BC942}") = "matrix_ops_tests", "tests\matrix_ops_tests.vcxproj", "{CDAEAB42-9F24-3C5D-8617-BEC10A747EED}"
	ProjectSection(ProjectDependencies) = postProject
		{67544BFF-B46F-35AF-A038-C46842319B2B} = {67544BFF-B46F-35AF-A038-C46842319B2B}
		{54DE2341-47AC-3590-94FE-F0DD08BA9E6B} = {54DE2341-47AC-3590-94FE-F0DD08BA9E6B}
	EndProjectSection
EndProject
Project("{8BC9CEB8-8B4A-11D0-8D11-00A0C91BC942}") = "ops_tests", "tests\ops_tests.vcxproj", "{6C50521B-3279-3998-9402-FD71A4EC973A}"
	ProjectSection(ProjectDependencies) = postProject
		{67544BFF-B46F-35AF-A038-C46842319B2B} = {67544BFF-B46F-35AF-A038-C46842319B2B}
		{54DE2341-47AC-3590-94FE-F0DD08BA9E6B} = {54DE2341-47AC-3590-94FE-F0DD08BA9E6B}
	EndProjectSection
EndProject
Project("{8BC9CEB8-8B4A-11D0-8D11-00A0C91BC942}") = "tensor_tests", "tests\tensor_tests.vcxproj", "{991AFDE4-ED9E-304B-98D6-CEB7D844CAFB}"
	ProjectSection(ProjectDependencies) = postProject
		{67544BFF-B46F-35AF-A038-C46842319B2B} = {67544BFF-B46F-35AF-A038-C46842319B2B}
		{54DE2341-47AC-3590-94FE-F0DD08BA9E6B} = {54DE2341-47AC-3590-94FE-F0DD08BA9E6B}
	EndProjectSection
EndProject
Project("{8BC9CEB8-8B4A-11D0-8D11-00A0C91BC942}") = "train_mlp", "examples\train_mlp.vcxproj", "{BF252D30-295B-341C-9C7A-8830DD5F8AE5}"
	ProjectSection(ProjectDependencies) = postProject
		{67544BFF-B46F-35AF-A038-C46842319B2B} = {67544BFF-B46F-35AF-A038-C46842319B2B}
		{54DE2341-47AC-3590-94FE-F0DD08BA9E6B} = {54DE2341-47AC-3590-94FE-F0DD08BA9E6B}
	EndProjectSection
EndProject
Global
	GlobalSection(SolutionConfigurationPlatforms) = preSolution
		Debug|x64 = Debug|x64
		Release|x64 = Release|x64
		MinSizeRel|x64 = MinSizeRel|x64
		RelWithDebInfo|x64 = RelWithDebInfo|x64
	EndGlobalSection
	GlobalSection(ProjectConfigurationPlatforms) = postSolution
		{7C32D62C-90A0-3536-93B0-611AE41F90DE}.Debug|x64.ActiveCfg = Debug|x64
		{7C32D62C-90A0-3536-93B0-611AE41F90DE}.Debug|x64.Build.0 = Debug|x64
		{7C32D62C-90A0-3536-93B0-611AE41F90DE}.Release|x64.ActiveCfg = Release|x64
		{7C32D62C-90A0-3536-93B0-611AE41F90DE}.Release|x64.Build.0 = Release|x64
		{7C32D62C-90A0-3536-93B0-611AE41F90DE}.MinSizeRel|x64.ActiveCfg = MinSizeRel|x64
		{7C32D62C-90A0-3536-93B0-611AE41F90DE}.MinSizeRel|x64.Build.0 = MinSizeRel|x64
		{7C32D62C-90A0-3536-93B0-611AE41F90DE}.RelWithDebInfo|x64.ActiveCfg = RelWithDebInfo|x64
		{7C32D62C-90A0-3536-93B0-611AE41F90DE}.RelWithDebInfo|x64.Build.0 = RelWithDebInfo|x64
		{CF0E61AC-5D0D-36D9-9422-819162664EFE}.Debug|x64.ActiveCfg = Debug|x64
		{CF0E61AC-5D0D-36D9-9422-819162664EFE}.Release|x64.ActiveCfg = Release|x64
		{CF0E61AC-5D0D-36D9-9422-819162664EFE}.MinSizeRel|x64.ActiveCfg = MinSizeRel|x64
		{CF0E61AC-5D0D-36D9-9422-819162664EFE}.RelWithDebInfo|x64.ActiveCfg = RelWithDebInfo|x64
		{6B0DBA57-A50F-3A28-A107-AEEFE72737FB}.Debug|x64.ActiveCfg = Debug|x64
		{6B0DBA57-A50F-3A28-A107-AEEFE72737FB}.Release|x64.ActiveCfg = Release|x64
		{6B0DBA57-A50F-3A28-A107-AEEFE72737FB}.MinSizeRel|x64.ActiveCfg = MinSizeRel|x64
		{6B0DBA57-A50F-3A28-A107-AEEFE72737FB}.RelWithDebInfo|x64.ActiveCfg = RelWithDebInfo|x64
		{67544BFF-B46F-35AF-A038-C46842319B2B}.Debug|x64.ActiveCfg = Debug|x64
		{67544BFF-B46F-35AF-A038-C46842319B2B}.Debug|x64.Build.0 = Debug|x64
		{67544BFF-B46F-35AF-A038-C46842319B2B}.Release|x64.ActiveCfg = Release|x64
		{67544BFF-B46F-35AF-A038-C46842319B2B}.Release|x64.Build.0 = Release|x64
		{67544BFF-B46F-35AF-A038-C46842319B2B}.MinSizeRel|x64.ActiveCfg = MinSizeRel|x64
		{67544BFF-B46F-35AF-A038-C46842319B2B}.MinSizeRel|x64.Build.0 = MinSizeRel|x64
		{67544BFF-B46F-35AF-A038-C46842319B2B}.RelWithDebInfo|x64.ActiveCfg = RelWithDebInfo|x64
		{67544BFF-B46F-35AF-A038-C46842319B2B}.RelWithDebInfo|x64.Build.0 = RelWithDebInfo|x64
		{54DE2341-47AC-3590-94FE-F0DD08BA9E6B}.Debug|x64.ActiveCfg = Debug|x64
		{54DE2341-47AC-3590-94FE-F0DD08BA9E6B}.Debug|x64.Build.0 = Debug|x64
		{54DE2341-47AC-3590-94FE-F0DD08BA9E6B}.Release|x64.ActiveCfg = Release|x64
		{54DE2341-47AC-3590-94FE-F0DD08BA9E6B}.Release|x64.Build.0 = Release|x64
		{54DE2341-47AC-3590-94FE-F0DD08BA9E6B}.MinSizeRel|x64.ActiveCfg = MinSizeRel|x64
		{54DE2341-47AC-3590-94FE-F0DD08BA9E6B}.MinSizeRel|x64.Build.0 = MinSizeRel|x64
		{54DE2341-47AC-3590-94FE-F0DD08BA9E6B}.RelWithDebInfo|x64.ActiveCfg = RelWithDebInfo|x64
		{54DE2341-47AC-3590-94FE-F0DD08BA9E6B}.RelWithDebInfo|x64.Build.0 = RelWithDebInfo|x64
		{40C3736A-3EDA-3579-A4E3-47A865548AEF}.Debug|x64.ActiveCfg = Debug|x64
		{40C3736A-3EDA-3579-A4E3-47A865548AEF}.Debug|x64.Build.0 = Debug|x64
		{40C3736A-3EDA-3579-A4E3-47A865548AEF}.Release|x64.ActiveCfg = Release|x64
		{40C3736A-3EDA-3579-A4E3-47A865548AEF}.Release|x64.Build.0 = Release|x64
		{40C3736A-3EDA-3579-A4E3-47A865548AEF}.MinSizeRel|x64.ActiveCfg = MinSizeRel|x64
		{40C3736A-3EDA-3579-A4E3-47A865548AEF}.MinSizeRel|x64.Build.0 = MinSizeRel|x64
		{40C3736A-3EDA-3579-A4E3-47A865548AEF}.RelWithDebInfo|x64.ActiveCfg = RelWithDebInfo|x64
		{40C3736A-3EDA-3579-A4E3-47A865548AEF}.RelWithDebInfo|x64.Build.0 = RelWithDebInfo|x64
		{FE2092F1-83D2-363C-8581-41EC806BDE70}.Debug|x64.ActiveCfg = Debug|x64
		{FE2092F1-83D2-363C-8581-41EC806BDE70}.Debug|x64.Build.0 = Debug|x64
		{FE2092F1-83D2-363C-8581-41EC806BDE70}.Release|x64.ActiveCfg = Release|x64
		{FE2092F1-83D2-363C-8581-41EC806BDE70}.Release|x64.Build.0 = Release|x64
		{FE2092F1-83D2-363C-8581-41EC806BDE70}.MinSizeRel|x64.ActiveCfg = MinSizeRel|x64
		{FE2092F1-83D2-363C-8581-41EC806BDE70}.MinSizeRel|x64.Build.0 = MinSizeRel|x64
		{FE2092F1-83D2-363C-8581-41EC806BDE70}.RelWithDebInfo|x64.ActiveCfg = RelWithDebInfo|x64
		{FE2092F1-83D2-363C-8581-41EC806BDE70}.RelWithDebInfo|x64.Build.0 = RelWithDebInfo|x64
		{CDAEAB42-9F24-3C5D-8617-BEC10A747EED}.Debug|x64.ActiveCfg = Debug|x64
		{CDAEAB42-9F24-3C5D-8617-BEC10A747EED}.Debug|x64.Build.0 = Debug|x64
		{CDAEAB42-9F24-3C5D-8617-BEC10A747EED}.Release|x64.ActiveCfg = Release|x64
		{CDAEAB42-9F24-3C5D-8617-BEC10A747EED}.Release|x64.Build.0 = Release|x64
		{CDAEAB42-9F24-3C5D-8617-BEC10A747EED}.MinSizeRel|x64.ActiveCfg = MinSizeRel|x64
		{CDAEAB42-9F24-3C5D-8617-BEC10A747EED}.MinSizeRel|x64.Build.0 = MinSizeRel|x64
		{CDAEAB42-9F24-3C5D-8617-BEC10A747EED}.RelWithDebInfo|x64.ActiveCfg = RelWithDebInfo|x64
		{CDAEAB42-9F24-3C5D-8617-BEC10A747EED}.RelWithDebInfo|x64.Build.0 = RelWithDebInfo|x64
		{6C50521B-3279-3998-9402-FD71A4EC973A}.Debug|x64.ActiveCfg = Debug|x64
		{6C50521B-3279-3998-9402-FD71A4EC973A}.Debug|x64.Build.0 = Debug|x64
		{6C50521B-3279-3998-9402-FD71A4EC973A}.Release|x64.ActiveCfg = Release|x64
		{6C50521B-3279-3998-9402-FD71A4EC973A}.Release|x64.Build.0 = Release|x64
		{6C50521B-3279-3998-9402-FD71A4EC973A}.MinSizeRel|x64.ActiveCfg = MinSizeRel|x64
		{6C50521B-3279-3998-9402-FD71A4EC973A}.MinSizeRel|x64.Build.0 = MinSizeRel|x64
		{6C50521B-3279-3998-9402-FD71A4EC973A}.RelWithDebInfo|x64.ActiveCfg = RelWithDebInfo|x64
		{6C50521B-3279-3998-9402-FD71A4EC973A}.RelWithDebInfo|x64.Build.0 = RelWithDebInfo|x64
		{991AFDE4-ED9E-304B-98D6-CEB7D844CAFB}.Debug|x64.ActiveCfg = Debug|x64
		{991AFDE4-ED9E-304B-98D6-CEB7D844CAFB}.Debug|x64.Build.0 = Debug|x64
		{991AFDE4-ED9E-304B-98D6-CEB7D844CAFB}.Release|x64.ActiveCfg = Release|x64
		{991AFDE4-ED9E-304B-98D6-CEB7D844CAFB}.Release|x64.Build.0 = Release|x64
		{991AFDE4-ED9E-304B-98D6-CEB7D844CAFB}.MinSizeRel|x64.ActiveCfg = MinSizeRel|x64
		{991AFDE4-ED9E-304B-98D6-CEB7D844CAFB}.MinSizeRel|x64.Build.0 = MinSizeRel|x64
		{991AFDE4-ED9E-304B-98D6-CEB7D844CAFB}.RelWithDebInfo|x64.ActiveCfg = RelWithDebInfo|x64
		{991AFDE4-ED9E-304B-98D6-CEB7D844CAFB}.RelWithDebInfo|x64.Build.0 = RelWithDebInfo|x64
		{BF252D30-295B-341C-9C7A-8830DD5F8AE5}.Debug|x64.ActiveCfg = Debug|x64
		{BF252D30-295B-341C-9C7A-8830DD5F8AE5}.Debug|x64.Build.0 = Debug|x64
		{BF252D30-295B-341C-9C7A-8830DD5F8AE5}.Release|x64.ActiveCfg = Release|x64
		{BF252D30-295B-341C-9C7A-8830DD5F8AE5}.Release|x64.Build.0 = Release|x64
		{BF252D30-295B-341C-9C7A-8830DD5F8AE5}.MinSizeRel|x64.ActiveCfg = MinSizeRel|x64
		{BF252D30-295B-341C-9C7A-8830DD5F8AE5}.MinSizeRel|x64.Build.0 = MinSizeRel|x64
		{BF252D30-295B-341C-9C7A-8830DD5F8AE5}.RelWithDebInfo|x64.ActiveCfg = RelWithDebInfo|x64
		{BF252D30-295B-341C-9C7A-8830DD5F8AE5}.RelWithDebInfo|x64.Build.0 = RelWithDebInfo|x64
	EndGlobalSection
	GlobalSection(ExtensibilityGlobals) = postSolution
		SolutionGuid = {7C16D113-8A74-30DC-8DA3-B0C77A823855}
	EndGlobalSection
	GlobalSection(ExtensibilityAddIns) = postSolution
	EndGlobalSection
EndGlobal
